
Microsoft Visual Studio Solution File, Format Version 12.00
# Visual Studio Version 16
VisualStudioVersion = 16.0.31205.134
MinimumVisualStudioVersion = 10.0.40219.1
Project("{8BC9CEB8-8B4A-11D0-8D11-00A0C91BC942}") = "data_structure", "leetcode\leetcode.vcxproj", "{8C08969C-D639-4C56-BF12-9D45F8DBAFA0}"
EndProject
Project("{8BC9CEB8-8B4A-11D0-8D11-00A0C91BC942}") = "1310_子数组异或查询", "1310_子数组异或查询\1310_子数组异或查询.vcxproj", "{3178B63D-3CF7-4E77-A110-E3BF2B84C216}"
EndProject
Project("{8BC9CEB8-8B4A-11D0-8D11-00A0C91BC942}") = "1269_停在原地的方案数", "1269_停在原地的方案数\1269_停在原地的方案数.vcxproj", "{886C5DD9-1BCE-4327-AFC0-0854B66A05EE}"
EndProject
Project("{8BC9CEB8-8B4A-11D0-8D11-00A0C91BC942}") = "12_整数转罗马数字", "12_整数转罗马数字\12_整数转罗马数字.vcxproj", "{43D68873-A019-4C6A-B1C6-ECC5B519D79A}"
EndProject
Project("{8BC9CEB8-8B4A-11D0-8D11-00A0C91BC942}") = "13_罗马数字转整数", "13_罗马数字转整数\13_罗马数字转整数.vcxproj", "{339A52A9-6CCF-412C-9062-ECA736C1B984}"
EndProject
Project("{8BC9CEB8-8B4A-11D0-8D11-00A0C91BC942}") = "421_数组中两个数的最大值", "421_数组中两个数的最大值\421_数组中两个数的最大值.vcxproj", "{570C8340-4AAB-4B5A-9CE4-CA65D3091768}"
EndProject
Project("{8BC9CEB8-8B4A-11D0-8D11-00A0C91BC942}") = "1442_形成两个异或相等数组的三元组数目", "1442_形成两个异或相等数组的三元组数目\1442_形成两个异或相等数组的三元组数目.vcxproj", "{E56913A0-5D1B-487E-B66B-5B85DE48FE04}"
EndProject
Project("{8BC9CEB8-8B4A-11D0-8D11-00A0C91BC942}") = "1738_找出第K大的异或坐标值", "1738_找出第K大的异或坐标值\1738_找出第K大的异或坐标值.vcxproj", "{151080BA-9049-475B-927E-8CEA45D2AEA8}"
EndProject
Project("{8BC9CEB8-8B4A-11D0-8D11-00A0C91BC942}") = "149_直线上最多的点数", "149_直线上最多的点数\149_直线上最多的点数.vcxproj", "{16AF7E63-BFD7-4829-B864-E30BAC3C9CFD}"
EndProject
Project("{8BC9CEB8-8B4A-11D0-8D11-00A0C91BC942}") = "168_excel表列名称", "168_excel表列名称\168_excel表列名称.vcxproj", "{62D41A83-68BF-4964-B044-347F3837F198}"
EndProject
Project("{8BC9CEB8-8B4A-11D0-8D11-00A0C91BC942}") = "726_原子的数量", "726_原子的数量\726_原子的数量.vcxproj", "{44B96A2B-7B55-437D-9EB1-B4C9F3BB5362}"
EndProject
Project("{8BC9CEB8-8B4A-11D0-8D11-00A0C91BC942}") = "1418_点菜展示表", "1418_点菜展示表\1418_点菜展示表.vcxproj", "{D2E6265A-9DE0-4A54-A3FF-699A9E8B027D}"
EndProject
Project("{8BC9CEB8-8B4A-11D0-8D11-00A0C91BC942}") = "981_基于时间的键值存储", "981_基于时间的键值存储\981_基于时间的键值存储.vcxproj", "{8FFCFD71-E6B3-4375-88F6-A3B683420C87}"
EndProject
Project("{8BC9CEB8-8B4A-11D0-8D11-00A0C91BC942}") = "274_H指数", "274_H指数\274_H指数.vcxproj", "{23BC7F6E-57C2-49E2-8F2F-824E4978A6E4}"
EndProject
Project("{8BC9CEB8-8B4A-11D0-8D11-00A0C91BC942}") = "275_H指数II", "275_H指数II\275_H指数II.vcxproj", "{DFC3798D-438E-4729-B947-0D8BD0EB81A0}"
EndProject
Project("{8BC9CEB8-8B4A-11D0-8D11-00A0C91BC942}") = "218_天际线问题", "218_天际线问题\218_天际线问题.vcxproj", "{9B1C6648-23F7-4C99-9D49-956F7A6FE2D4}"
EndProject
Project("{8BC9CEB8-8B4A-11D0-8D11-00A0C91BC942}") = "1818_绝对差权值", "1818_绝对差权值\1818_绝对差权值.vcxproj", "{57786DB9-58EE-4563-967D-68DB8AFD4E32}"
EndProject
Project("{8BC9CEB8-8B4A-11D0-8D11-00A0C91BC942}") = "1846_减小和重新排列数组后的最大元素", "1846_减小和重新排列数组后的最大元素\1846_减小和重新排列数组后的最大元素.vcxproj", "{D63C1BD4-587F-4B26-A36A-3430B46A8FDF}"
EndProject
Project("{8BC9CEB8-8B4A-11D0-8D11-00A0C91BC942}") = "Offer42_连续子数组的最大和", "Offer42_连续子数组的最大和\Offer42_连续子数组的最大和.vcxproj", "{951F9164-0E61-4FD6-A45E-1983C70B9712}"
EndProject
Project("{8BC9CEB8-8B4A-11D0-8D11-00A0C91BC942}") = "1838_最高频元素的频数", "1838_最高频元素的频数\1838_最高频元素的频数.vcxproj", "{AAFB1146-087F-4BBC-8225-1F0D4C641ECF}"
EndProject
Project("{8BC9CEB8-8B4A-11D0-8D11-00A0C91BC942}") = "611_有效三角形的个数", "611_有效三角形的个数\611_有效三角形的个数.vcxproj", "{61F6796C-4A16-4296-94B7-2C9302BD4C1D}"
EndProject
Global
	GlobalSection(SolutionConfigurationPlatforms) = preSolution
		Debug|x64 = Debug|x64
		Debug|x86 = Debug|x86
		Release|x64 = Release|x64
		Release|x86 = Release|x86
	EndGlobalSection
	GlobalSection(ProjectConfigurationPlatforms) = postSolution
		{8C08969C-D639-4C56-BF12-9D45F8DBAFA0}.Debug|x64.ActiveCfg = Debug|x64
		{8C08969C-D639-4C56-BF12-9D45F8DBAFA0}.Debug|x64.Build.0 = Debug|x64
		{8C08969C-D639-4C56-BF12-9D45F8DBAFA0}.Debug|x86.ActiveCfg = Debug|Win32
		{8C08969C-D639-4C56-BF12-9D45F8DBAFA0}.Debug|x86.Build.0 = Debug|Win32
		{8C08969C-D639-4C56-BF12-9D45F8DBAFA0}.Release|x64.ActiveCfg = Release|x64
		{8C08969C-D639-4C56-BF12-9D45F8DBAFA0}.Release|x64.Build.0 = Release|x64
		{8C08969C-D639-4C56-BF12-9D45F8DBAFA0}.Release|x86.ActiveCfg = Release|Win32
		{8C08969C-D639-4C56-BF12-9D45F8DBAFA0}.Release|x86.Build.0 = Release|Win32
		{3178B63D-3CF7-4E77-A110-E3BF2B84C216}.Debug|x64.ActiveCfg = Debug|x64
		{3178B63D-3CF7-4E77-A110-E3BF2B84C216}.Debug|x64.Build.0 = Debug|x64
		{3178B63D-3CF7-4E77-A110-E3BF2B84C216}.Debug|x86.ActiveCfg = Debug|Win32
		{3178B63D-3CF7-4E77-A110-E3BF2B84C216}.Debug|x86.Build.0 = Debug|Win32
		{3178B63D-3CF7-4E77-A110-E3BF2B84C216}.Release|x64.ActiveCfg = Release|x64
		{3178B63D-3CF7-4E77-A110-E3BF2B84C216}.Release|x64.Build.0 = Release|x64
		{3178B63D-3CF7-4E77-A110-E3BF2B84C216}.Release|x86.ActiveCfg = Release|Win32
		{3178B63D-3CF7-4E77-A110-E3BF2B84C216}.Release|x86.Build.0 = Release|Win32
		{886C5DD9-1BCE-4327-AFC0-0854B66A05EE}.Debug|x64.ActiveCfg = Debug|x64
		{886C5DD9-1BCE-4327-AFC0-0854B66A05EE}.Debug|x64.Build.0 = Debug|x64
		{886C5DD9-1BCE-4327-AFC0-0854B66A05EE}.Debug|x86.ActiveCfg = Debug|Win32
		{886C5DD9-1BCE-4327-AFC0-0854B66A05EE}.Debug|x86.Build.0 = Debug|Win32
		{886C5DD9-1BCE-4327-AFC0-0854B66A05EE}.Release|x64.ActiveCfg = Release|x64
		{886C5DD9-1BCE-4327-AFC0-0854B66A05EE}.Release|x64.Build.0 = Release|x64
		{886C5DD9-1BCE-4327-AFC0-0854B66A05EE}.Release|x86.ActiveCfg = Release|Win32
		{886C5DD9-1BCE-4327-AFC0-0854B66A05EE}.Release|x86.Build.0 = Release|Win32
		{43D68873-A019-4C6A-B1C6-ECC5B519D79A}.Debug|x64.ActiveCfg = Debug|x64
		{43D68873-A019-4C6A-B1C6-ECC5B519D79A}.Debug|x64.Build.0 = Debug|x64
		{43D68873-A019-4C6A-B1C6-ECC5B519D79A}.Debug|x86.ActiveCfg = Debug|Win32
		{43D68873-A019-4C6A-B1C6-ECC5B519D79A}.Debug|x86.Build.0 = Debug|Win32
		{43D68873-A019-4C6A-B1C6-ECC5B519D79A}.Release|x64.ActiveCfg = Release|x64
		{43D68873-A019-4C6A-B1C6-ECC5B519D79A}.Release|x64.Build.0 = Release|x64
		{43D68873-A019-4C6A-B1C6-ECC5B519D79A}.Release|x86.ActiveCfg = Release|Win32
		{43D68873-A019-4C6A-B1C6-ECC5B519D79A}.Release|x86.Build.0 = Release|Win32
		{339A52A9-6CCF-412C-9062-ECA736C1B984}.Debug|x64.ActiveCfg = Debug|x64
		{339A52A9-6CCF-412C-9062-ECA736C1B984}.Debug|x64.Build.0 = Debug|x64
		{339A52A9-6CCF-412C-9062-ECA736C1B984}.Debug|x86.ActiveCfg = Debug|Win32
		{339A52A9-6CCF-412C-9062-ECA736C1B984}.Debug|x86.Build.0 = Debug|Win32
		{339A52A9-6CCF-412C-9062-ECA736C1B984}.Release|x64.ActiveCfg = Release|x64
		{339A52A9-6CCF-412C-9062-ECA736C1B984}.Release|x64.Build.0 = Release|x64
		{339A52A9-6CCF-412C-9062-ECA736C1B984}.Release|x86.ActiveCfg = Release|Win32
		{339A52A9-6CCF-412C-9062-ECA736C1B984}.Release|x86.Build.0 = Release|Win32
		{570C8340-4AAB-4B5A-9CE4-CA65D3091768}.Debug|x64.ActiveCfg = Debug|x64
		{570C8340-4AAB-4B5A-9CE4-CA65D3091768}.Debug|x64.Build.0 = Debug|x64
		{570C8340-4AAB-4B5A-9CE4-CA65D3091768}.Debug|x86.ActiveCfg = Debug|Win32
		{570C8340-4AAB-4B5A-9CE4-CA65D3091768}.Debug|x86.Build.0 = Debug|Win32
		{570C8340-4AAB-4B5A-9CE4-CA65D3091768}.Release|x64.ActiveCfg = Release|x64
		{570C8340-4AAB-4B5A-9CE4-CA65D3091768}.Release|x64.Build.0 = Release|x64
		{570C8340-4AAB-4B5A-9CE4-CA65D3091768}.Release|x86.ActiveCfg = Release|Win32
		{570C8340-4AAB-4B5A-9CE4-CA65D3091768}.Release|x86.Build.0 = Release|Win32
		{E56913A0-5D1B-487E-B66B-5B85DE48FE04}.Debug|x64.ActiveCfg = Debug|x64
		{E56913A0-5D1B-487E-B66B-5B85DE48FE04}.Debug|x64.Build.0 = Debug|x64
		{E56913A0-5D1B-487E-B66B-5B85DE48FE04}.Debug|x86.ActiveCfg = Debug|Win32
		{E56913A0-5D1B-487E-B66B-5B85DE48FE04}.Debug|x86.Build.0 = Debug|Win32
		{E56913A0-5D1B-487E-B66B-5B85DE48FE04}.Release|x64.ActiveCfg = Release|x64
		{E56913A0-5D1B-487E-B66B-5B85DE48FE04}.Release|x64.Build.0 = Release|x64
		{E56913A0-5D1B-487E-B66B-5B85DE48FE04}.Release|x86.ActiveCfg = Release|Win32
		{E56913A0-5D1B-487E-B66B-5B85DE48FE04}.Release|x86.Build.0 = Release|Win32
		{151080BA-9049-475B-927E-8CEA45D2AEA8}.Debug|x64.ActiveCfg = Debug|x64
		{151080BA-9049-475B-927E-8CEA45D2AEA8}.Debug|x64.Build.0 = Debug|x64
		{151080BA-9049-475B-927E-8CEA45D2AEA8}.Debug|x86.ActiveCfg = Debug|Win32
		{151080BA-9049-475B-927E-8CEA45D2AEA8}.Debug|x86.Build.0 = Debug|Win32
		{151080BA-9049-475B-927E-8CEA45D2AEA8}.Release|x64.ActiveCfg = Release|x64
		{151080BA-9049-475B-927E-8CEA45D2AEA8}.Release|x64.Build.0 = Release|x64
		{151080BA-9049-475B-927E-8CEA45D2AEA8}.Release|x86.ActiveCfg = Release|Win32
		{151080BA-9049-475B-927E-8CEA45D2AEA8}.Release|x86.Build.0 = Release|Win32
		{16AF7E63-BFD7-4829-B864-E30BAC3C9CFD}.Debug|x64.ActiveCfg = Debug|x64
		{16AF7E63-BFD7-4829-B864-E30BAC3C9CFD}.Debug|x64.Build.0 = Debug|x64
		{16AF7E63-BFD7-4829-B864-E30BAC3C9CFD}.Debug|x86.ActiveCfg = Debug|Win32
		{16AF7E63-BFD7-4829-B864-E30BAC3C9CFD}.Debug|x86.Build.0 = Debug|Win32
		{16AF7E63-BFD7-4829-B864-E30BAC3C9CFD}.Release|x64.ActiveCfg = Release|x64
		{16AF7E63-BFD7-4829-B864-E30BAC3C9CFD}.Release|x64.Build.0 = Release|x64
		{16AF7E63-BFD7-4829-B864-E30BAC3C9CFD}.Release|x86.ActiveCfg = Release|Win32
		{16AF7E63-BFD7-4829-B864-E30BAC3C9CFD}.Release|x86.Build.0 = Release|Win32
		{62D41A83-68BF-4964-B044-347F3837F198}.Debug|x64.ActiveCfg = Debug|x64
		{62D41A83-68BF-4964-B044-347F3837F198}.Debug|x64.Build.0 = Debug|x64
		{62D41A83-68BF-4964-B044-347F3837F198}.Debug|x86.ActiveCfg = Debug|Win32
		{62D41A83-68BF-4964-B044-347F3837F198}.Debug|x86.Build.0 = Debug|Win32
		{62D41A83-68BF-4964-B044-347F3837F198}.Release|x64.ActiveCfg = Release|x64
		{62D41A83-68BF-4964-B044-347F3837F198}.Release|x64.Build.0 = Release|x64
		{62D41A83-68BF-4964-B044-347F3837F198}.Release|x86.ActiveCfg = Release|Win32
		{62D41A83-68BF-4964-B044-347F3837F198}.Release|x86.Build.0 = Release|Win32
		{44B96A2B-7B55-437D-9EB1-B4C9F3BB5362}.Debug|x64.ActiveCfg = Debug|x64
		{44B96A2B-7B55-437D-9EB1-B4C9F3BB5362}.Debug|x64.Build.0 = Debug|x64
		{44B96A2B-7B55-437D-9EB1-B4C9F3BB5362}.Debug|x86.ActiveCfg = Debug|Win32
		{44B96A2B-7B55-437D-9EB1-B4C9F3BB5362}.Debug|x86.Build.0 = Debug|Win32
		{44B96A2B-7B55-437D-9EB1-B4C9F3BB5362}.Release|x64.ActiveCfg = Release|x64
		{44B96A2B-7B55-437D-9EB1-B4C9F3BB5362}.Release|x64.Build.0 = Release|x64
		{44B96A2B-7B55-437D-9EB1-B4C9F3BB5362}.Release|x86.ActiveCfg = Release|Win32
		{44B96A2B-7B55-437D-9EB1-B4C9F3BB5362}.Release|x86.Build.0 = Release|Win32
		{D2E6265A-9DE0-4A54-A3FF-699A9E8B027D}.Debug|x64.ActiveCfg = Debug|x64
		{D2E6265A-9DE0-4A54-A3FF-699A9E8B027D}.Debug|x64.Build.0 = Debug|x64
		{D2E6265A-9DE0-4A54-A3FF-699A9E8B027D}.Debug|x86.ActiveCfg = Debug|Win32
		{D2E6265A-9DE0-4A54-A3FF-699A9E8B027D}.Debug|x86.Build.0 = Debug|Win32
		{D2E6265A-9DE0-4A54-A3FF-699A9E8B027D}.Release|x64.ActiveCfg = Release|x64
		{D2E6265A-9DE0-4A54-A3FF-699A9E8B027D}.Release|x64.Build.0 = Release|x64
		{D2E6265A-9DE0-4A54-A3FF-699A9E8B027D}.Release|x86.ActiveCfg = Release|Win32
		{D2E6265A-9DE0-4A54-A3FF-699A9E8B027D}.Release|x86.Build.0 = Release|Win32
		{8FFCFD71-E6B3-4375-88F6-A3B683420C87}.Debug|x64.ActiveCfg = Debug|x64
		{8FFCFD71-E6B3-4375-88F6-A3B683420C87}.Debug|x64.Build.0 = Debug|x64
		{8FFCFD71-E6B3-4375-88F6-A3B683420C87}.Debug|x86.ActiveCfg = Debug|Win32
		{8FFCFD71-E6B3-4375-88F6-A3B683420C87}.Debug|x86.Build.0 = Debug|Win32
		{8FFCFD71-E6B3-4375-88F6-A3B683420C87}.Release|x64.ActiveCfg = Release|x64
		{8FFCFD71-E6B3-4375-88F6-A3B683420C87}.Release|x64.Build.0 = Release|x64
		{8FFCFD71-E6B3-4375-88F6-A3B683420C87}.Release|x86.ActiveCfg = Release|Win32
		{8FFCFD71-E6B3-4375-88F6-A3B683420C87}.Release|x86.Build.0 = Release|Win32
		{23BC7F6E-57C2-49E2-8F2F-824E4978A6E4}.Debug|x64.ActiveCfg = Debug|x64
		{23BC7F6E-57C2-49E2-8F2F-824E4978A6E4}.Debug|x64.Build.0 = Debug|x64
		{23BC7F6E-57C2-49E2-8F2F-824E4978A6E4}.Debug|x86.ActiveCfg = Debug|Win32
		{23BC7F6E-57C2-49E2-8F2F-824E4978A6E4}.Debug|x86.Build.0 = Debug|Win32
		{23BC7F6E-57C2-49E2-8F2F-824E4978A6E4}.Release|x64.ActiveCfg = Release|x64
		{23BC7F6E-57C2-49E2-8F2F-824E4978A6E4}.Release|x64.Build.0 = Release|x64
		{23BC7F6E-57C2-49E2-8F2F-824E4978A6E4}.Release|x86.ActiveCfg = Release|Win32
		{23BC7F6E-57C2-49E2-8F2F-824E4978A6E4}.Release|x86.Build.0 = Release|Win32
		{DFC3798D-438E-4729-B947-0D8BD0EB81A0}.Debug|x64.ActiveCfg = Debug|x64
		{DFC3798D-438E-4729-B947-0D8BD0EB81A0}.Debug|x64.Build.0 = Debug|x64
		{DFC3798D-438E-4729-B947-0D8BD0EB81A0}.Debug|x86.ActiveCfg = Debug|Win32
		{DFC3798D-438E-4729-B947-0D8BD0EB81A0}.Debug|x86.Build.0 = Debug|Win32
		{DFC3798D-438E-4729-B947-0D8BD0EB81A0}.Release|x64.ActiveCfg = Release|x64
		{DFC3798D-438E-4729-B947-0D8BD0EB81A0}.Release|x64.Build.0 = Release|x64
		{DFC3798D-438E-4729-B947-0D8BD0EB81A0}.Release|x86.ActiveCfg = Release|Win32
		{DFC3798D-438E-4729-B947-0D8BD0EB81A0}.Release|x86.Build.0 = Release|Win32
		{9B1C6648-23F7-4C99-9D49-956F7A6FE2D4}.Debug|x64.ActiveCfg = Debug|x64
		{9B1C6648-23F7-4C99-9D49-956F7A6FE2D4}.Debug|x64.Build.0 = Debug|x64
		{9B1C6648-23F7-4C99-9D49-956F7A6FE2D4}.Debug|x86.ActiveCfg = Debug|Win32
		{9B1C6648-23F7-4C99-9D49-956F7A6FE2D4}.Debug|x86.Build.0 = Debug|Win32
		{9B1C6648-23F7-4C99-9D49-956F7A6FE2D4}.Release|x64.ActiveCfg = Release|x64
		{9B1C6648-23F7-4C99-9D49-956F7A6FE2D4}.Release|x64.Build.0 = Release|x64
		{9B1C6648-23F7-4C99-9D49-956F7A6FE2D4}.Release|x86.ActiveCfg = Release|Win32
		{9B1C6648-23F7-4C99-9D49-956F7A6FE2D4}.Release|x86.Build.0 = Release|Win32
		{57786DB9-58EE-4563-967D-68DB8AFD4E32}.Debug|x64.ActiveCfg = Debug|x64
		{57786DB9-58EE-4563-967D-68DB8AFD4E32}.Debug|x64.Build.0 = Debug|x64
		{57786DB9-58EE-4563-967D-68DB8AFD4E32}.Debug|x86.ActiveCfg = Debug|Win32
		{57786DB9-58EE-4563-967D-68DB8AFD4E32}.Debug|x86.Build.0 = Debug|Win32
		{57786DB9-58EE-4563-967D-68DB8AFD4E32}.Release|x64.ActiveCfg = Release|x64
		{57786DB9-58EE-4563-967D-68DB8AFD4E32}.Release|x64.Build.0 = Release|x64
		{57786DB9-58EE-4563-967D-68DB8AFD4E32}.Release|x86.ActiveCfg = Release|Win32
		{57786DB9-58EE-4563-967D-68DB8AFD4E32}.Release|x86.Build.0 = Release|Win32
		{D63C1BD4-587F-4B26-A36A-3430B46A8FDF}.Debug|x64.ActiveCfg = Debug|x64
		{D63C1BD4-587F-4B26-A36A-3430B46A8FDF}.Debug|x64.Build.0 = Debug|x64
		{D63C1BD4-587F-4B26-A36A-3430B46A8FDF}.Debug|x86.ActiveCfg = Debug|Win32
		{D63C1BD4-587F-4B26-A36A-3430B46A8FDF}.Debug|x86.Build.0 = Debug|Win32
		{D63C1BD4-587F-4B26-A36A-3430B46A8FDF}.Release|x64.ActiveCfg = Release|x64
		{D63C1BD4-587F-4B26-A36A-3430B46A8FDF}.Release|x64.Build.0 = Release|x64
		{D63C1BD4-587F-4B26-A36A-3430B46A8FDF}.Release|x86.ActiveCfg = Release|Win32
		{D63C1BD4-587F-4B26-A36A-3430B46A8FDF}.Release|x86.Build.0 = Release|Win32
		{951F9164-0E61-4FD6-A45E-1983C70B9712}.Debug|x64.ActiveCfg = Debug|x64
		{951F9164-0E61-4FD6-A45E-1983C70B9712}.Debug|x64.Build.0 = Debug|x64
		{951F9164-0E61-4FD6-A45E-1983C70B9712}.Debug|x86.ActiveCfg = Debug|Win32
		{951F9164-0E61-4FD6-A45E-1983C70B9712}.Debug|x86.Build.0 = Debug|Win32
		{951F9164-0E61-4FD6-A45E-1983C70B9712}.Release|x64.ActiveCfg = Release|x64
		{951F9164-0E61-4FD6-A45E-1983C70B9712}.Release|x64.Build.0 = Release|x64
		{951F9164-0E61-4FD6-A45E-1983C70B9712}.Release|x86.ActiveCfg = Release|Win32
		{951F9164-0E61-4FD6-A45E-1983C70B9712}.Release|x86.Build.0 = Release|Win32
		{AAFB1146-087F-4BBC-8225-1F0D4C641ECF}.Debug|x64.ActiveCfg = Debug|x64
		{AAFB1146-087F-4BBC-8225-1F0D4C641ECF}.Debug|x64.Build.0 = Debug|x64
		{AAFB1146-087F-4BBC-8225-1F0D4C641ECF}.Debug|x86.ActiveCfg = Debug|Win32
		{AAFB1146-087F-4BBC-8225-1F0D4C641ECF}.Debug|x86.Build.0 = Debug|Win32
		{AAFB1146-087F-4BBC-8225-1F0D4C641ECF}.Release|x64.ActiveCfg = Release|x64
		{AAFB1146-087F-4BBC-8225-1F0D4C641ECF}.Release|x64.Build.0 = Release|x64
		{AAFB1146-087F-4BBC-8225-1F0D4C641ECF}.Release|x86.ActiveCfg = Release|Win32
		{AAFB1146-087F-4BBC-8225-1F0D4C641ECF}.Release|x86.Build.0 = Release|Win32
		{61F6796C-4A16-4296-94B7-2C9302BD4C1D}.Debug|x64.ActiveCfg = Debug|x64
		{61F6796C-4A16-4296-94B7-2C9302BD4C1D}.Debug|x64.Build.0 = Debug|x64
		{61F6796C-4A16-4296-94B7-2C9302BD4C1D}.Debug|x86.ActiveCfg = Debug|Win32
		{61F6796C-4A16-4296-94B7-2C9302BD4C1D}.Debug|x86.Build.0 = Debug|Win32
		{61F6796C-4A16-4296-94B7-2C9302BD4C1D}.Release|x64.ActiveCfg = Release|x64
		{61F6796C-4A16-4296-94B7-2C9302BD4C1D}.Release|x64.Build.0 = Release|x64
		{61F6796C-4A16-4296-94B7-2C9302BD4C1D}.Release|x86.ActiveCfg = Release|Win32
		{61F6796C-4A16-4296-94B7-2C9302BD4C1D}.Release|x86.Build.0 = Release|Win32
	EndGlobalSection
	GlobalSection(SolutionProperties) = preSolution
		HideSolutionNode = FALSE
	EndGlobalSection
	GlobalSection(ExtensibilityGlobals) = postSolution
		SolutionGuid = {C934CE97-1C37-4E4C-B0AC-39E18427552D}
	EndGlobalSection
EndGlobal
