<?xml version="1.0" encoding="utf-8"?>
<Project ToolsVersion="4.0" xmlns="http://schemas.microsoft.com/developer/msbuild/2003">
  <ItemGroup>
    <Filter Include="源文件">
      <UniqueIdentifier>{4FC737F1-C7A5-4376-A066-2A32D752A2FF}</UniqueIdentifier>
      <Extensions>cpp;c;cc;cxx;def;odl;idl;hpj;bat;asm;asmx</Extensions>
    </Filter>
    <Filter Include="头文件">
      <UniqueIdentifier>{93995380-89BD-4b04-88EB-625FBE52EBFB}</UniqueIdentifier>
      <Extensions>h;hh;hpp;hxx;hm;inl;inc;ipp;xsd</Extensions>
    </Filter>
    <Filter Include="资源文件">
      <UniqueIdentifier>{67DA6AB6-F800-4c08-8B7A-83BB121AAD01}</UniqueIdentifier>
      <Extensions>rc;ico;cur;bmp;dlg;rc2;rct;bin;rgs;gif;jpg;jpeg;jpe;resx;tiff;tif;png;wav;mfcribbon-ms</Extensions>
    </Filter>
    <Filter Include="源文件\graph">
      <UniqueIdentifier>{76acbd99-9b40-4242-88c6-a5ff5a7bc029}</UniqueIdentifier>
    </Filter>
  </ItemGroup>
  <ItemGroup>
    <ClCompile Include="two_num.cpp">
      <Filter>源文件</Filter>
    </ClCompile>
    <ClCompile Include="sqlist_insert.cpp">
      <Filter>源文件</Filter>
    </ClCompile>
    <ClCompile Include="sqlist_delete.cpp">
      <Filter>源文件</Filter>
    </ClCompile>
    <ClCompile Include="Lnode.cpp">
      <Filter>源文件</Filter>
    </ClCompile>
    <ClCompile Include="LNode_merge.cpp">
      <Filter>源文件</Filter>
    </ClCompile>
    <ClCompile Include="DLNode.cpp">
      <Filter>源文件</Filter>
    </ClCompile>
    <ClCompile Include="sort_list_demo.cpp">
      <Filter>源文件</Filter>
    </ClCompile>
    <ClCompile Include="stack_queue_data_structure.cpp">
      <Filter>源文件</Filter>
    </ClCompile>
    <ClCompile Include="stack_application.cpp">
      <Filter>源文件</Filter>
    </ClCompile>
    <ClCompile Include="sequence_stack_application.cpp">
      <Filter>源文件</Filter>
    </ClCompile>
    <ClCompile Include="Str.cpp">
      <Filter>源文件</Filter>
    </ClCompile>
    <ClCompile Include="array.cpp">
      <Filter>源文件</Filter>
    </ClCompile>
    <ClCompile Include="tree.cpp">
      <Filter>源文件</Filter>
    </ClCompile>
    <ClCompile Include="tree_width.cpp">
      <Filter>源文件</Filter>
    </ClCompile>
    <ClCompile Include="tree_find_node.cpp">
      <Filter>源文件</Filter>
    </ClCompile>
    <ClCompile Include="tree_level_traverse.cpp">
      <Filter>源文件</Filter>
    </ClCompile>
    <ClCompile Include="tree_find_key.cpp">
      <Filter>源文件</Filter>
    </ClCompile>
    <ClCompile Include="tree_count_all_node.cpp">
      <Filter>源文件</Filter>
    </ClCompile>
    <ClCompile Include="tree_count_all_leaf_node.cpp">
      <Filter>源文件</Filter>
    </ClCompile>
    <ClCompile Include="tree_add_parent_node.cpp">
      <Filter>源文件</Filter>
    </ClCompile>
    <ClCompile Include="tree_full_first_traverse_end_traverse.cpp">
      <Filter>源文件</Filter>
    </ClCompile>
  </ItemGroup>
</Project>